// !$*UTF8*$!
{
	archiveVersion = 1;
	classes = {
	};
	objectVersion = 56;
	objects = {

/* Begin PBXBuildFile section */
		3C6EF8712B3BA9E1002B5CB1 /* budgetApp.swift in Sources */ = {isa = PBXBuildFile; fileRef = 3C6EF8702B3BA9E1002B5CB1 /* budgetApp.swift */; };
		3C6EF8732B3BA9E1002B5CB1 /* ContentView.swift in Sources */ = {isa = PBXBuildFile; fileRef = 3C6EF8722B3BA9E1002B5CB1 /* ContentView.swift */; };
		3C6EF8752B3BA9E3002B5CB1 /* Assets.xcassets in Resources */ = {isa = PBXBuildFile; fileRef = 3C6EF8742B3BA9E3002B5CB1 /* Assets.xcassets */; };
		3C6EF8782B3BA9E3002B5CB1 /* Preview Assets.xcassets in Resources */ = {isa = PBXBuildFile; fileRef = 3C6EF8772B3BA9E3002B5CB1 /* Preview Assets.xcassets */; };
		3C6EF8822B3BA9E4002B5CB1 /* budgetAppTests.swift in Sources */ = {isa = PBXBuildFile; fileRef = 3C6EF8812B3BA9E4002B5CB1 /* budgetAppTests.swift */; };
		3C6EF88C2B3BA9E4002B5CB1 /* budgetAppUITests.swift in Sources */ = {isa = PBXBuildFile; fileRef = 3C6EF88B2B3BA9E4002B5CB1 /* budgetAppUITests.swift */; };
		3C6EF88E2B3BA9E4002B5CB1 /* budgetAppUITestsLaunchTests.swift in Sources */ = {isa = PBXBuildFile; fileRef = 3C6EF88D2B3BA9E4002B5CB1 /* budgetAppUITestsLaunchTests.swift */; };
		3C6EF89E2B40EF7A002B5CB1 /* ExpenseModel.swift in Sources */ = {isa = PBXBuildFile; fileRef = 3C6EF89D2B40EF7A002B5CB1 /* ExpenseModel.swift */; };
		3C6EF8A02B40F09F002B5CB1 /* ExpenseList.swift in Sources */ = {isa = PBXBuildFile; fileRef = 3C6EF89F2B40F09F002B5CB1 /* ExpenseList.swift */; };
		3C6EF8A32B40F261002B5CB1 /* HttpClient.swift in Sources */ = {isa = PBXBuildFile; fileRef = 3C6EF8A22B40F261002B5CB1 /* HttpClient.swift */; };
		3C6EF8A52B4586B2002B5CB1 /* ExpensesView.swift in Sources */ = {isa = PBXBuildFile; fileRef = 3C6EF8A42B4586B2002B5CB1 /* ExpensesView.swift */; };
/* End PBXBuildFile section */

/* Begin PBXContainerItemProxy section */
		3C6EF87E2B3BA9E4002B5CB1 /* PBXContainerItemProxy */ = {
			isa = PBXContainerItemProxy;
			containerPortal = 3C6EF8652B3BA9E1002B5CB1 /* Project object */;
			proxyType = 1;
			remoteGlobalIDString = 3C6EF86C2B3BA9E1002B5CB1;
			remoteInfo = budgetApp;
		};
		3C6EF8882B3BA9E4002B5CB1 /* PBXContainerItemProxy */ = {
			isa = PBXContainerItemProxy;
			containerPortal = 3C6EF8652B3BA9E1002B5CB1 /* Project object */;
			proxyType = 1;
			remoteGlobalIDString = 3C6EF86C2B3BA9E1002B5CB1;
			remoteInfo = budgetApp;
		};
/* End PBXContainerItemProxy section */

/* Begin PBXFileReference section */
		3C6EF86D2B3BA9E1002B5CB1 /* budgetApp.app */ = {isa = PBXFileReference; explicitFileType = wrapper.application; includeInIndex = 0; path = budgetApp.app; sourceTree = BUILT_PRODUCTS_DIR; };
		3C6EF8702B3BA9E1002B5CB1 /* budgetApp.swift */ = {isa = PBXFileReference; lastKnownFileType = sourcecode.swift; path = budgetApp.swift; sourceTree = "<group>"; };
		3C6EF8722B3BA9E1002B5CB1 /* ContentView.swift */ = {isa = PBXFileReference; lastKnownFileType = sourcecode.swift; path = ContentView.swift; sourceTree = "<group>"; };
		3C6EF8742B3BA9E3002B5CB1 /* Assets.xcassets */ = {isa = PBXFileReference; lastKnownFileType = folder.assetcatalog; path = Assets.xcassets; sourceTree = "<group>"; };
		3C6EF8772B3BA9E3002B5CB1 /* Preview Assets.xcassets */ = {isa = PBXFileReference; lastKnownFileType = folder.assetcatalog; path = "Preview Assets.xcassets"; sourceTree = "<group>"; };
		3C6EF87D2B3BA9E4002B5CB1 /* budgetAppTests.xctest */ = {isa = PBXFileReference; explicitFileType = wrapper.cfbundle; includeInIndex = 0; path = budgetAppTests.xctest; sourceTree = BUILT_PRODUCTS_DIR; };
		3C6EF8812B3BA9E4002B5CB1 /* budgetAppTests.swift */ = {isa = PBXFileReference; lastKnownFileType = sourcecode.swift; path = budgetAppTests.swift; sourceTree = "<group>"; };
		3C6EF8872B3BA9E4002B5CB1 /* budgetAppUITests.xctest */ = {isa = PBXFileReference; explicitFileType = wrapper.cfbundle; includeInIndex = 0; path = budgetAppUITests.xctest; sourceTree = BUILT_PRODUCTS_DIR; };
		3C6EF88B2B3BA9E4002B5CB1 /* budgetAppUITests.swift */ = {isa = PBXFileReference; lastKnownFileType = sourcecode.swift; path = budgetAppUITests.swift; sourceTree = "<group>"; };
		3C6EF88D2B3BA9E4002B5CB1 /* budgetAppUITestsLaunchTests.swift */ = {isa = PBXFileReference; lastKnownFileType = sourcecode.swift; path = budgetAppUITestsLaunchTests.swift; sourceTree = "<group>"; };
		3C6EF89D2B40EF7A002B5CB1 /* ExpenseModel.swift */ = {isa = PBXFileReference; lastKnownFileType = sourcecode.swift; path = ExpenseModel.swift; sourceTree = "<group>"; };
		3C6EF89F2B40F09F002B5CB1 /* ExpenseList.swift */ = {isa = PBXFileReference; lastKnownFileType = sourcecode.swift; path = ExpenseList.swift; sourceTree = "<group>"; };
		3C6EF8A22B40F261002B5CB1 /* HttpClient.swift */ = {isa = PBXFileReference; lastKnownFileType = sourcecode.swift; path = HttpClient.swift; sourceTree = "<group>"; };
		3C6EF8A42B4586B2002B5CB1 /* ExpensesView.swift */ = {isa = PBXFileReference; lastKnownFileType = sourcecode.swift; path = ExpensesView.swift; sourceTree = "<group>"; };
/* End PBXFileReference section */

/* Begin PBXFrameworksBuildPhase section */
		3C6EF86A2B3BA9E1002B5CB1 /* Frameworks */ = {
			isa = PBXFrameworksBuildPhase;
			buildActionMask = 2147483647;
			files = (
			);
			runOnlyForDeploymentPostprocessing = 0;
		};
		3C6EF87A2B3BA9E4002B5CB1 /* Frameworks */ = {
			isa = PBXFrameworksBuildPhase;
			buildActionMask = 2147483647;
			files = (
			);
			runOnlyForDeploymentPostprocessing = 0;
		};
		3C6EF8842B3BA9E4002B5CB1 /* Frameworks */ = {
			isa = PBXFrameworksBuildPhase;
			buildActionMask = 2147483647;
			files = (
			);
			runOnlyForDeploymentPostprocessing = 0;
		};
/* End PBXFrameworksBuildPhase section */

/* Begin PBXGroup section */
		3C6EF8642B3BA9E1002B5CB1 = {
			isa = PBXGroup;
			children = (
				3C6EF86F2B3BA9E1002B5CB1 /* budgetApp */,
				3C6EF8802B3BA9E4002B5CB1 /* budgetAppTests */,
				3C6EF88A2B3BA9E4002B5CB1 /* budgetAppUITests */,
				3C6EF86E2B3BA9E1002B5CB1 /* Products */,
			);
			sourceTree = "<group>";
		};
		3C6EF86E2B3BA9E1002B5CB1 /* Products */ = {
			isa = PBXGroup;
			children = (
				3C6EF86D2B3BA9E1002B5CB1 /* budgetApp.app */,
				3C6EF87D2B3BA9E4002B5CB1 /* budgetAppTests.xctest */,
				3C6EF8872B3BA9E4002B5CB1 /* budgetAppUITests.xctest */,
			);
			name = Products;
			sourceTree = "<group>";
		};
		3C6EF86F2B3BA9E1002B5CB1 /* budgetApp */ = {
			isa = PBXGroup;
			children = (
				3C6EF8A12B40F250002B5CB1 /* Util */,
				3C6EF89C2B3C8848002B5CB1 /* Views */,
				3C6EF89B2B3C883D002B5CB1 /* Viewmodels */,
				3C6EF89A2B3C8834002B5CB1 /* Models */,
				3C6EF8702B3BA9E1002B5CB1 /* budgetApp.swift */,
				3C6EF8742B3BA9E3002B5CB1 /* Assets.xcassets */,
				3C6EF8762B3BA9E3002B5CB1 /* Preview Content */,
			);
			path = budgetApp;
			sourceTree = "<group>";
		};
		3C6EF8762B3BA9E3002B5CB1 /* Preview Content */ = {
			isa = PBXGroup;
			children = (
				3C6EF8772B3BA9E3002B5CB1 /* Preview Assets.xcassets */,
			);
			path = "Preview Content";
			sourceTree = "<group>";
		};
		3C6EF8802B3BA9E4002B5CB1 /* budgetAppTests */ = {
			isa = PBXGroup;
			children = (
				3C6EF8812B3BA9E4002B5CB1 /* budgetAppTests.swift */,
			);
			path = budgetAppTests;
			sourceTree = "<group>";
		};
		3C6EF88A2B3BA9E4002B5CB1 /* budgetAppUITests */ = {
			isa = PBXGroup;
			children = (
				3C6EF88B2B3BA9E4002B5CB1 /* budgetAppUITests.swift */,
				3C6EF88D2B3BA9E4002B5CB1 /* budgetAppUITestsLaunchTests.swift */,
			);
			path = budgetAppUITests;
			sourceTree = "<group>";
		};
		3C6EF89A2B3C8834002B5CB1 /* Models */ = {
			isa = PBXGroup;
			children = (
				3C6EF89D2B40EF7A002B5CB1 /* ExpenseModel.swift */,
			);
			path = Models;
			sourceTree = "<group>";
		};
		3C6EF89B2B3C883D002B5CB1 /* Viewmodels */ = {
			isa = PBXGroup;
			children = (
				3C6EF89F2B40F09F002B5CB1 /* ExpenseList.swift */,
			);
			path = Viewmodels;
			sourceTree = "<group>";
		};
		3C6EF89C2B3C8848002B5CB1 /* Views */ = {
			isa = PBXGroup;
			children = (
				3C6EF8722B3BA9E1002B5CB1 /* ContentView.swift */,
				3C6EF8A42B4586B2002B5CB1 /* ExpensesView.swift */,
			);
			path = Views;
			sourceTree = "<group>";
		};
		3C6EF8A12B40F250002B5CB1 /* Util */ = {
			isa = PBXGroup;
			children = (
				3C6EF8A22B40F261002B5CB1 /* HttpClient.swift */,
			);
			path = Util;
			sourceTree = "<group>";
		};
/* End PBXGroup section */

/* Begin PBXNativeTarget section */
		3C6EF86C2B3BA9E1002B5CB1 /* budgetApp */ = {
			isa = PBXNativeTarget;
			buildConfigurationList = 3C6EF8912B3BA9E4002B5CB1 /* Build configuration list for PBXNativeTarget "budgetApp" */;
			buildPhases = (
				3C6EF8692B3BA9E1002B5CB1 /* Sources */,
				3C6EF86A2B3BA9E1002B5CB1 /* Frameworks */,
				3C6EF86B2B3BA9E1002B5CB1 /* Resources */,
			);
			buildRules = (
			);
			dependencies = (
			);
			name = budgetApp;
			productName = budgetApp;
			productReference = 3C6EF86D2B3BA9E1002B5CB1 /* budgetApp.app */;
			productType = "com.apple.product-type.application";
		};
		3C6EF87C2B3BA9E4002B5CB1 /* budgetAppTests */ = {
			isa = PBXNativeTarget;
			buildConfigurationList = 3C6EF8942B3BA9E4002B5CB1 /* Build configuration list for PBXNativeTarget "budgetAppTests" */;
			buildPhases = (
				3C6EF8792B3BA9E4002B5CB1 /* Sources */,
				3C6EF87A2B3BA9E4002B5CB1 /* Frameworks */,
				3C6EF87B2B3BA9E4002B5CB1 /* Resources */,
			);
			buildRules = (
			);
			dependencies = (
				3C6EF87F2B3BA9E4002B5CB1 /* PBXTargetDependency */,
			);
			name = budgetAppTests;
			productName = budgetAppTests;
			productReference = 3C6EF87D2B3BA9E4002B5CB1 /* budgetAppTests.xctest */;
			productType = "com.apple.product-type.bundle.unit-test";
		};
		3C6EF8862B3BA9E4002B5CB1 /* budgetAppUITests */ = {
			isa = PBXNativeTarget;
			buildConfigurationList = 3C6EF8972B3BA9E4002B5CB1 /* Build configuration list for PBXNativeTarget "budgetAppUITests" */;
			buildPhases = (
				3C6EF8832B3BA9E4002B5CB1 /* Sources */,
				3C6EF8842B3BA9E4002B5CB1 /* Frameworks */,
				3C6EF8852B3BA9E4002B5CB1 /* Resources */,
			);
			buildRules = (
			);
			dependencies = (
				3C6EF8892B3BA9E4002B5CB1 /* PBXTargetDependency */,
			);
			name = budgetAppUITests;
			productName = budgetAppUITests;
			productReference = 3C6EF8872B3BA9E4002B5CB1 /* budgetAppUITests.xctest */;
			productType = "com.apple.product-type.bundle.ui-testing";
		};
/* End PBXNativeTarget section */

/* Begin PBXProject section */
		3C6EF8652B3BA9E1002B5CB1 /* Project object */ = {
			isa = PBXProject;
			attributes = {
				BuildIndependentTargetsInParallel = 1;
				LastSwiftUpdateCheck = 1500;
				LastUpgradeCheck = 1500;
				TargetAttributes = {
					3C6EF86C2B3BA9E1002B5CB1 = {
						CreatedOnToolsVersion = 15.0.1;
					};
					3C6EF87C2B3BA9E4002B5CB1 = {
						CreatedOnToolsVersion = 15.0.1;
						TestTargetID = 3C6EF86C2B3BA9E1002B5CB1;
					};
					3C6EF8862B3BA9E4002B5CB1 = {
						CreatedOnToolsVersion = 15.0.1;
						TestTargetID = 3C6EF86C2B3BA9E1002B5CB1;
					};
				};
			};
			buildConfigurationList = 3C6EF8682B3BA9E1002B5CB1 /* Build configuration list for PBXProject "budgetApp" */;
			compatibilityVersion = "Xcode 14.0";
			developmentRegion = en;
			hasScannedForEncodings = 0;
			knownRegions = (
				en,
				Base,
			);
			mainGroup = 3C6EF8642B3BA9E1002B5CB1;
			productRefGroup = 3C6EF86E2B3BA9E1002B5CB1 /* Products */;
			projectDirPath = "";
			projectRoot = "";
			targets = (
				3C6EF86C2B3BA9E1002B5CB1 /* budgetApp */,
				3C6EF87C2B3BA9E4002B5CB1 /* budgetAppTests */,
				3C6EF8862B3BA9E4002B5CB1 /* budgetAppUITests */,
			);
		};
/* End PBXProject section */

/* Begin PBXResourcesBuildPhase section */
		3C6EF86B2B3BA9E1002B5CB1 /* Resources */ = {
			isa = PBXResourcesBuildPhase;
			buildActionMask = 2147483647;
			files = (
				3C6EF8782B3BA9E3002B5CB1 /* Preview Assets.xcassets in Resources */,
				3C6EF8752B3BA9E3002B5CB1 /* Assets.xcassets in Resources */,
			);
			runOnlyForDeploymentPostprocessing = 0;
		};
		3C6EF87B2B3BA9E4002B5CB1 /* Resources */ = {
			isa = PBXResourcesBuildPhase;
			buildActionMask = 2147483647;
			files = (
			);
			runOnlyForDeploymentPostprocessing = 0;
		};
		3C6EF8852B3BA9E4002B5CB1 /* Resources */ = {
			isa = PBXResourcesBuildPhase;
			buildActionMask = 2147483647;
			files = (
			);
			runOnlyForDeploymentPostprocessing = 0;
		};
/* End PBXResourcesBuildPhase section */

/* Begin PBXSourcesBuildPhase section */
		3C6EF8692B3BA9E1002B5CB1 /* Sources */ = {
			isa = PBXSourcesBuildPhase;
			buildActionMask = 2147483647;
			files = (
				3C6EF8A32B40F261002B5CB1 /* HttpClient.swift in Sources */,
				3C6EF8A52B4586B2002B5CB1 /* ExpensesView.swift in Sources */,
				3C6EF8A02B40F09F002B5CB1 /* ExpenseList.swift in Sources */,
				3C6EF89E2B40EF7A002B5CB1 /* ExpenseModel.swift in Sources */,
				3C6EF8732B3BA9E1002B5CB1 /* ContentView.swift in Sources */,
				3C6EF8712B3BA9E1002B5CB1 /* budgetApp.swift in Sources */,
			);
			runOnlyForDeploymentPostprocessing = 0;
		};
		3C6EF8792B3BA9E4002B5CB1 /* Sources */ = {
			isa = PBXSourcesBuildPhase;
			buildActionMask = 2147483647;
			files = (
				3C6EF8822B3BA9E4002B5CB1 /* budgetAppTests.swift in Sources */,
			);
			runOnlyForDeploymentPostprocessing = 0;
		};
		3C6EF8832B3BA9E4002B5CB1 /* Sources */ = {
			isa = PBXSourcesBuildPhase;
			buildActionMask = 2147483647;
			files = (
				3C6EF88C2B3BA9E4002B5CB1 /* budgetAppUITests.swift in Sources */,
				3C6EF88E2B3BA9E4002B5CB1 /* budgetAppUITestsLaunchTests.swift in Sources */,
			);
			runOnlyForDeploymentPostprocessing = 0;
		};
/* End PBXSourcesBuildPhase section */

/* Begin PBXTargetDependency section */
		3C6EF87F2B3BA9E4002B5CB1 /* PBXTargetDependency */ = {
			isa = PBXTargetDependency;
			target = 3C6EF86C2B3BA9E1002B5CB1 /* budgetApp */;
			targetProxy = 3C6EF87E2B3BA9E4002B5CB1 /* PBXContainerItemProxy */;
		};
		3C6EF8892B3BA9E4002B5CB1 /* PBXTargetDependency */ = {
			isa = PBXTargetDependency;
			target = 3C6EF86C2B3BA9E1002B5CB1 /* budgetApp */;
			targetProxy = 3C6EF8882B3BA9E4002B5CB1 /* PBXContainerItemProxy */;
		};
/* End PBXTargetDependency section */

/* Begin XCBuildConfiguration section */
		3C6EF88F2B3BA9E4002B5CB1 /* Debug */ = {
			isa = XCBuildConfiguration;
			buildSettings = {
				ALWAYS_SEARCH_USER_PATHS = NO;
				ASSETCATALOG_COMPILER_GENERATE_SWIFT_ASSET_SYMBOL_EXTENSIONS = YES;
				CLANG_ANALYZER_NONNULL = YES;
				CLANG_ANALYZER_NUMBER_OBJECT_CONVERSION = YES_AGGRESSIVE;
				CLANG_CXX_LANGUAGE_STANDARD = "gnu++20";
				CLANG_ENABLE_MODULES = YES;
				CLANG_ENABLE_OBJC_ARC = YES;
				CLANG_ENABLE_OBJC_WEAK = YES;
				CLANG_WARN_BLOCK_CAPTURE_AUTORELEASING = YES;
				CLANG_WARN_BOOL_CONVERSION = YES;
				CLANG_WARN_COMMA = YES;
				CLANG_WARN_CONSTANT_CONVERSION = YES;
				CLANG_WARN_DEPRECATED_OBJC_IMPLEMENTATIONS = YES;
				CLANG_WARN_DIRECT_OBJC_ISA_USAGE = YES_ERROR;
				CLANG_WARN_DOCUMENTATION_COMMENTS = YES;
				CLANG_WARN_EMPTY_BODY = YES;
				CLANG_WARN_ENUM_CONVERSION = YES;
				CLANG_WARN_INFINITE_RECURSION = YES;
				CLANG_WARN_INT_CONVERSION = YES;
				CLANG_WARN_NON_LITERAL_NULL_CONVERSION = YES;
				CLANG_WARN_OBJC_IMPLICIT_RETAIN_SELF = YES;
				CLANG_WARN_OBJC_LITERAL_CONVERSION = YES;
				CLANG_WARN_OBJC_ROOT_CLASS = YES_ERROR;
				CLANG_WARN_QUOTED_INCLUDE_IN_FRAMEWORK_HEADER = YES;
				CLANG_WARN_RANGE_LOOP_ANALYSIS = YES;
				CLANG_WARN_STRICT_PROTOTYPES = YES;
				CLANG_WARN_SUSPICIOUS_MOVE = YES;
				CLANG_WARN_UNGUARDED_AVAILABILITY = YES_AGGRESSIVE;
				CLANG_WARN_UNREACHABLE_CODE = YES;
				CLANG_WARN__DUPLICATE_METHOD_MATCH = YES;
				COPY_PHASE_STRIP = NO;
				DEBUG_INFORMATION_FORMAT = dwarf;
				ENABLE_STRICT_OBJC_MSGSEND = YES;
				ENABLE_TESTABILITY = YES;
				ENABLE_USER_SCRIPT_SANDBOXING = YES;
				GCC_C_LANGUAGE_STANDARD = gnu17;
				GCC_DYNAMIC_NO_PIC = NO;
				GCC_NO_COMMON_BLOCKS = YES;
				GCC_OPTIMIZATION_LEVEL = 0;
				GCC_PREPROCESSOR_DEFINITIONS = (
					"DEBUG=1",
					"$(inherited)",
				);
				GCC_WARN_64_TO_32_BIT_CONVERSION = YES;
				GCC_WARN_ABOUT_RETURN_TYPE = YES_ERROR;
				GCC_WARN_UNDECLARED_SELECTOR = YES;
				GCC_WARN_UNINITIALIZED_AUTOS = YES_AGGRESSIVE;
				GCC_WARN_UNUSED_FUNCTION = YES;
				GCC_WARN_UNUSED_VARIABLE = YES;
				IPHONEOS_DEPLOYMENT_TARGET = 17.0;
				LOCALIZATION_PREFERS_STRING_CATALOGS = YES;
				MTL_ENABLE_DEBUG_INFO = INCLUDE_SOURCE;
				MTL_FAST_MATH = YES;
				ONLY_ACTIVE_ARCH = YES;
				SDKROOT = iphoneos;
				SWIFT_ACTIVE_COMPILATION_CONDITIONS = "DEBUG $(inherited)";
				SWIFT_OPTIMIZATION_LEVEL = "-Onone";
			};
			name = Debug;
		};
		3C6EF8902B3BA9E4002B5CB1 /* Release */ = {
			isa = XCBuildConfiguration;
			buildSettings = {
				ALWAYS_SEARCH_USER_PATHS = NO;
				ASSETCATALOG_COMPILER_GENERATE_SWIFT_ASSET_SYMBOL_EXTENSIONS = YES;
				CLANG_ANALYZER_NONNULL = YES;
				CLANG_ANALYZER_NUMBER_OBJECT_CONVERSION = YES_AGGRESSIVE;
				CLANG_CXX_LANGUAGE_STANDARD = "gnu++20";
				CLANG_ENABLE_MODULES = YES;
				CLANG_ENABLE_OBJC_ARC = YES;
				CLANG_ENABLE_OBJC_WEAK = YES;
				CLANG_WARN_BLOCK_CAPTURE_AUTORELEASING = YES;
				CLANG_WARN_BOOL_CONVERSION = YES;
				CLANG_WARN_COMMA = YES;
				CLANG_WARN_CONSTANT_CONVERSION = YES;
				CLANG_WARN_DEPRECATED_OBJC_IMPLEMENTATIONS = YES;
				CLANG_WARN_DIRECT_OBJC_ISA_USAGE = YES_ERROR;
				CLANG_WARN_DOCUMENTATION_COMMENTS = YES;
				CLANG_WARN_EMPTY_BODY = YES;
				CLANG_WARN_ENUM_CONVERSION = YES;
				CLANG_WARN_INFINITE_RECURSION = YES;
				CLANG_WARN_INT_CONVERSION = YES;
				CLANG_WARN_NON_LITERAL_NULL_CONVERSION = YES;
				CLANG_WARN_OBJC_IMPLICIT_RETAIN_SELF = YES;
				CLANG_WARN_OBJC_LITERAL_CONVERSION = YES;
				CLANG_WARN_OBJC_ROOT_CLASS = YES_ERROR;
				CLANG_WARN_QUOTED_INCLUDE_IN_FRAMEWORK_HEADER = YES;
				CLANG_WARN_RANGE_LOOP_ANALYSIS = YES;
				CLANG_WARN_STRICT_PROTOTYPES = YES;
				CLANG_WARN_SUSPICIOUS_MOVE = YES;
				CLANG_WARN_UNGUARDED_AVAILABILITY = YES_AGGRESSIVE;
				CLANG_WARN_UNREACHABLE_CODE = YES;
				CLANG_WARN__DUPLICATE_METHOD_MATCH = YES;
				COPY_PHASE_STRIP = NO;
				DEBUG_INFORMATION_FORMAT = "dwarf-with-dsym";
				ENABLE_NS_ASSERTIONS = NO;
				ENABLE_STRICT_OBJC_MSGSEND = YES;
				ENABLE_USER_SCRIPT_SANDBOXING = YES;
				GCC_C_LANGUAGE_STANDARD = gnu17;
				GCC_NO_COMMON_BLOCKS = YES;
				GCC_WARN_64_TO_32_BIT_CONVERSION = YES;
				GCC_WARN_ABOUT_RETURN_TYPE = YES_ERROR;
				GCC_WARN_UNDECLARED_SELECTOR = YES;
				GCC_WARN_UNINITIALIZED_AUTOS = YES_AGGRESSIVE;
				GCC_WARN_UNUSED_FUNCTION = YES;
				GCC_WARN_UNUSED_VARIABLE = YES;
				IPHONEOS_DEPLOYMENT_TARGET = 17.0;
				LOCALIZATION_PREFERS_STRING_CATALOGS = YES;
				MTL_ENABLE_DEBUG_INFO = NO;
				MTL_FAST_MATH = YES;
				SDKROOT = iphoneos;
				SWIFT_COMPILATION_MODE = wholemodule;
				VALIDATE_PRODUCT = YES;
			};
			name = Release;
		};
		3C6EF8922B3BA9E4002B5CB1 /* Debug */ = {
			isa = XCBuildConfiguration;
			buildSettings = {
				ASSETCATALOG_COMPILER_APPICON_NAME = AppIcon;
				ASSETCATALOG_COMPILER_GLOBAL_ACCENT_COLOR_NAME = AccentColor;
				CODE_SIGN_STYLE = Automatic;
				CURRENT_PROJECT_VERSION = 1;
				DEVELOPMENT_ASSET_PATHS = "\"budgetApp/Preview Content\"";
				DEVELOPMENT_TEAM = DRH6TZ83U7;
				ENABLE_PREVIEWS = YES;
				GENERATE_INFOPLIST_FILE = YES;
				INFOPLIST_KEY_UIApplicationSceneManifest_Generation = YES;
				INFOPLIST_KEY_UIApplicationSupportsIndirectInputEvents = YES;
				INFOPLIST_KEY_UILaunchScreen_Generation = YES;
				INFOPLIST_KEY_UISupportedInterfaceOrientations_iPad = "UIInterfaceOrientationPortrait UIInterfaceOrientationPortraitUpsideDown UIInterfaceOrientationLandscapeLeft UIInterfaceOrientationLandscapeRight";
				INFOPLIST_KEY_UISupportedInterfaceOrientations_iPhone = "UIInterfaceOrientationPortrait UIInterfaceOrientationLandscapeLeft UIInterfaceOrientationLandscapeRight";
				LD_RUNPATH_SEARCH_PATHS = (
					"$(inherited)",
					"@executable_path/Frameworks",
				);
				MARKETING_VERSION = 1.0;
				PRODUCT_BUNDLE_IDENTIFIER = jamievs.budgetApp;
				PRODUCT_NAME = "$(TARGET_NAME)";
				SWIFT_EMIT_LOC_STRINGS = YES;
				SWIFT_VERSION = 5.0;
				TARGETED_DEVICE_FAMILY = "1,2";
			};
			name = Debug;
		};
		3C6EF8932B3BA9E4002B5CB1 /* Release */ = {
			isa = XCBuildConfiguration;
			buildSettings = {
				ASSETCATALOG_COMPILER_APPICON_NAME = AppIcon;
				ASSETCATALOG_COMPILER_GLOBAL_ACCENT_COLOR_NAME = AccentColor;
				CODE_SIGN_STYLE = Automatic;
				CURRENT_PROJECT_VERSION = 1;
				DEVELOPMENT_ASSET_PATHS = "\"budgetApp/Preview Content\"";
				DEVELOPMENT_TEAM = DRH6TZ83U7;
				ENABLE_PREVIEWS = YES;
				GENERATE_INFOPLIST_FILE = YES;
				INFOPLIST_KEY_UIApplicationSceneManifest_Generation = YES;
				INFOPLIST_KEY_UIApplicationSupportsIndirectInputEvents = YES;
				INFOPLIST_KEY_UILaunchScreen_Generation = YES;
				INFOPLIST_KEY_UISupportedInterfaceOrientations_iPad = "UIInterfaceOrientationPortrait UIInterfaceOrientationPortraitUpsideDown UIInterfaceOrientationLandscapeLeft UIInterfaceOrientationLandscapeRight";
				INFOPLIST_KEY_UISupportedInterfaceOrientations_iPhone = "UIInterfaceOrientationPortrait UIInterfaceOrientationLandscapeLeft UIInterfaceOrientationLandscapeRight";
				LD_RUNPATH_SEARCH_PATHS = (
					"$(inherited)",
					"@executable_path/Frameworks",
				);
				MARKETING_VERSION = 1.0;
				PRODUCT_BUNDLE_IDENTIFIER = jamievs.budgetApp;
				PRODUCT_NAME = "$(TARGET_NAME)";
				SWIFT_EMIT_LOC_STRINGS = YES;
				SWIFT_VERSION = 5.0;
				TARGETED_DEVICE_FAMILY = "1,2";
			};
			name = Release;
		};
		3C6EF8952B3BA9E4002B5CB1 /* Debug */ = {
			isa = XCBuildConfiguration;
			buildSettings = {
				ALWAYS_EMBED_SWIFT_STANDARD_LIBRARIES = YES;
				BUNDLE_LOADER = "$(TEST_HOST)";
				CODE_SIGN_STYLE = Automatic;
				CURRENT_PROJECT_VERSION = 1;
				DEVELOPMENT_TEAM = DRH6TZ83U7;
				GENERATE_INFOPLIST_FILE = YES;
				IPHONEOS_DEPLOYMENT_TARGET = 17.0;
				MARKETING_VERSION = 1.0;
				PRODUCT_BUNDLE_IDENTIFIER = jamievs.budgetAppTests;
				PRODUCT_NAME = "$(TARGET_NAME)";
				SWIFT_EMIT_LOC_STRINGS = NO;
				SWIFT_VERSION = 5.0;
				TARGETED_DEVICE_FAMILY = "1,2";
				TEST_HOST = "$(BUILT_PRODUCTS_DIR)/budgetApp.app/$(BUNDLE_EXECUTABLE_FOLDER_PATH)/budgetApp";
			};
			name = Debug;
		};
		3C6EF8962B3BA9E4002B5CB1 /* Release */ = {
			isa = XCBuildConfiguration;
			buildSettings = {
				ALWAYS_EMBED_SWIFT_STANDARD_LIBRARIES = YES;
				BUNDLE_LOADER = "$(TEST_HOST)";
				CODE_SIGN_STYLE = Automatic;
				CURRENT_PROJECT_VERSION = 1;
				DEVELOPMENT_TEAM = DRH6TZ83U7;
				GENERATE_INFOPLIST_FILE = YES;
				IPHONEOS_DEPLOYMENT_TARGET = 17.0;
				MARKETING_VERSION = 1.0;
				PRODUCT_BUNDLE_IDENTIFIER = jamievs.budgetAppTests;
				PRODUCT_NAME = "$(TARGET_NAME)";
				SWIFT_EMIT_LOC_STRINGS = NO;
				SWIFT_VERSION = 5.0;
				TARGETED_DEVICE_FAMILY = "1,2";
				TEST_HOST = "$(BUILT_PRODUCTS_DIR)/budgetApp.app/$(BUNDLE_EXECUTABLE_FOLDER_PATH)/budgetApp";
			};
			name = Release;
		};
		3C6EF8982B3BA9E4002B5CB1 /* Debug */ = {
			isa = XCBuildConfiguration;
			buildSettings = {
				ALWAYS_EMBED_SWIFT_STANDARD_LIBRARIES = YES;
				CODE_SIGN_STYLE = Automatic;
				CURRENT_PROJECT_VERSION = 1;
				DEVELOPMENT_TEAM = DRH6TZ83U7;
				GENERATE_INFOPLIST_FILE = YES;
				MARKETING_VERSION = 1.0;
				PRODUCT_BUNDLE_IDENTIFIER = jamievs.budgetAppUITests;
				PRODUCT_NAME = "$(TARGET_NAME)";
				SWIFT_EMIT_LOC_STRINGS = NO;
				SWIFT_VERSION = 5.0;
				TARGETED_DEVICE_FAMILY = "1,2";
				TEST_TARGET_NAME = budgetApp;
			};
			name = Debug;
		};
		3C6EF8992B3BA9E4002B5CB1 /* Release */ = {
			isa = XCBuildConfiguration;
			buildSettings = {
				ALWAYS_EMBED_SWIFT_STANDARD_LIBRARIES = YES;
				CODE_SIGN_STYLE = Automatic;
				CURRENT_PROJECT_VERSION = 1;
				DEVELOPMENT_TEAM = DRH6TZ83U7;
				GENERATE_INFOPLIST_FILE = YES;
				MARKETING_VERSION = 1.0;
				PRODUCT_BUNDLE_IDENTIFIER = jamievs.budgetAppUITests;
				PRODUCT_NAME = "$(TARGET_NAME)";
				SWIFT_EMIT_LOC_STRINGS = NO;
				SWIFT_VERSION = 5.0;
				TARGETED_DEVICE_FAMILY = "1,2";
				TEST_TARGET_NAME = budgetApp;
			};
			name = Release;
		};
/* End XCBuildConfiguration section */

/* Begin XCConfigurationList section */
		3C6EF8682B3BA9E1002B5CB1 /* Build configuration list for PBXProject "budgetApp" */ = {
			isa = XCConfigurationList;
			buildConfigurations = (
				3C6EF88F2B3BA9E4002B5CB1 /* Debug */,
				3C6EF8902B3BA9E4002B5CB1 /* Release */,
			);
			defaultConfigurationIsVisible = 0;
			defaultConfigurationName = Release;
		};
		3C6EF8912B3BA9E4002B5CB1 /* Build configuration list for PBXNativeTarget "budgetApp" */ = {
			isa = XCConfigurationList;
			buildConfigurations = (
				3C6EF8922B3BA9E4002B5CB1 /* Debug */,
				3C6EF8932B3BA9E4002B5CB1 /* Release */,
			);
			defaultConfigurationIsVisible = 0;
			defaultConfigurationName = Release;
		};
		3C6EF8942B3BA9E4002B5CB1 /* Build configuration list for PBXNativeTarget "budgetAppTests" */ = {
			isa = XCConfigurationList;
			buildConfigurations = (
				3C6EF8952B3BA9E4002B5CB1 /* Debug */,
				3C6EF8962B3BA9E4002B5CB1 /* Release */,
			);
			defaultConfigurationIsVisible = 0;
			defaultConfigurationName = Release;
		};
		3C6EF8972B3BA9E4002B5CB1 /* Build configuration list for PBXNativeTarget "budgetAppUITests" */ = {
			isa = XCConfigurationList;
			buildConfigurations = (
				3C6EF8982B3BA9E4002B5CB1 /* Debug */,
				3C6EF8992B3BA9E4002B5CB1 /* Release */,
			);
			defaultConfigurationIsVisible = 0;
			defaultConfigurationName = Release;
		};
/* End XCConfigurationList section */
	};
	rootObject = 3C6EF8652B3BA9E1002B5CB1 /* Project object */;
}
